// !$*UTF8*$!
{
	archiveVersion = 1;
	classes = {
	};
	objectVersion = 51;
	objects = {

/* Begin PBXBuildFile section */
		40B563200D434677CCD2E1CF /* Pods_flixster_app.framework in Frameworks */ = {isa = PBXBuildFile; fileRef = 29AD82CD177720A5871B8217 /* Pods_flixster_app.framework */; };
		849B27D967DDCEA77B3B50AB /* Pods_flixster_appTests.framework in Frameworks */ = {isa = PBXBuildFile; fileRef = 7D1FEAC36E09DA2127F7AC00 /* Pods_flixster_appTests.framework */; };
		B891DCBCC279F1CCB841EAE5 /* Pods_flixster_app_flixster_appUITests.framework in Frameworks */ = {isa = PBXBuildFile; fileRef = 81CA14478C75FE71FD07DDFE /* Pods_flixster_app_flixster_appUITests.framework */; };
		C23F982B25439CA400969E37 /* MovieCell.swift in Sources */ = {isa = PBXBuildFile; fileRef = C23F982A25439CA400969E37 /* MovieCell.swift */; };
		C258EA592541C3C90093C998 /* AppDelegate.swift in Sources */ = {isa = PBXBuildFile; fileRef = C258EA582541C3C90093C998 /* AppDelegate.swift */; };
		C258EA5B2541C3C90093C998 /* SceneDelegate.swift in Sources */ = {isa = PBXBuildFile; fileRef = C258EA5A2541C3C90093C998 /* SceneDelegate.swift */; };
		C258EA5D2541C3C90093C998 /* ViewController.swift in Sources */ = {isa = PBXBuildFile; fileRef = C258EA5C2541C3C90093C998 /* ViewController.swift */; };
		C258EA602541C3C90093C998 /* Main.storyboard in Resources */ = {isa = PBXBuildFile; fileRef = C258EA5E2541C3C90093C998 /* Main.storyboard */; };
		C258EA622541C3CC0093C998 /* Assets.xcassets in Resources */ = {isa = PBXBuildFile; fileRef = C258EA612541C3CC0093C998 /* Assets.xcassets */; };
		C258EA652541C3CC0093C998 /* LaunchScreen.storyboard in Resources */ = {isa = PBXBuildFile; fileRef = C258EA632541C3CC0093C998 /* LaunchScreen.storyboard */; };
		C258EA702541C3CC0093C998 /* flixster_appTests.swift in Sources */ = {isa = PBXBuildFile; fileRef = C258EA6F2541C3CC0093C998 /* flixster_appTests.swift */; };
		C258EA7B2541C3CC0093C998 /* flixster_appUITests.swift in Sources */ = {isa = PBXBuildFile; fileRef = C258EA7A2541C3CC0093C998 /* flixster_appUITests.swift */; };
		C26CCE7D254CDD160007A76F /* MovieDetailsViewController.swift in Sources */ = {isa = PBXBuildFile; fileRef = C26CCE7C254CDD160007A76F /* MovieDetailsViewController.swift */; };
		C26CCE82254CFA400007A76F /* MovieGridViewController.swift in Sources */ = {isa = PBXBuildFile; fileRef = C26CCE81254CFA400007A76F /* MovieGridViewController.swift */; };
		C26CCE87254CFE8F0007A76F /* MovieCollectionViewCell.swift in Sources */ = {isa = PBXBuildFile; fileRef = C26CCE86254CFE8F0007A76F /* MovieCollectionViewCell.swift */; };
/* End PBXBuildFile section */

/* Begin PBXContainerItemProxy section */
		C258EA6C2541C3CC0093C998 /* PBXContainerItemProxy */ = {
			isa = PBXContainerItemProxy;
			containerPortal = C258EA4D2541C3C90093C998 /* Project object */;
			proxyType = 1;
			remoteGlobalIDString = C258EA542541C3C90093C998;
			remoteInfo = "flixster-app";
		};
		C258EA772541C3CC0093C998 /* PBXContainerItemProxy */ = {
			isa = PBXContainerItemProxy;
			containerPortal = C258EA4D2541C3C90093C998 /* Project object */;
			proxyType = 1;
			remoteGlobalIDString = C258EA542541C3C90093C998;
			remoteInfo = "flixster-app";
		};
/* End PBXContainerItemProxy section */

/* Begin PBXFileReference section */
		14919348E3CD1C112D99C1A2 /* Pods-flixster-appTests.release.xcconfig */ = {isa = PBXFileReference; includeInIndex = 1; lastKnownFileType = text.xcconfig; name = "Pods-flixster-appTests.release.xcconfig"; path = "Target Support Files/Pods-flixster-appTests/Pods-flixster-appTests.release.xcconfig"; sourceTree = "<group>"; };
		20107793DA3A73D71E2415A8 /* Pods-flixster-app.release.xcconfig */ = {isa = PBXFileReference; includeInIndex = 1; lastKnownFileType = text.xcconfig; name = "Pods-flixster-app.release.xcconfig"; path = "Target Support Files/Pods-flixster-app/Pods-flixster-app.release.xcconfig"; sourceTree = "<group>"; };
		29AD82CD177720A5871B8217 /* Pods_flixster_app.framework */ = {isa = PBXFileReference; explicitFileType = wrapper.framework; includeInIndex = 0; path = Pods_flixster_app.framework; sourceTree = BUILT_PRODUCTS_DIR; };
		52E32DAC255AF2B24232500B /* Pods-flixster-app-flixster-appUITests.release.xcconfig */ = {isa = PBXFileReference; includeInIndex = 1; lastKnownFileType = text.xcconfig; name = "Pods-flixster-app-flixster-appUITests.release.xcconfig"; path = "Target Support Files/Pods-flixster-app-flixster-appUITests/Pods-flixster-app-flixster-appUITests.release.xcconfig"; sourceTree = "<group>"; };
		7D1FEAC36E09DA2127F7AC00 /* Pods_flixster_appTests.framework */ = {isa = PBXFileReference; explicitFileType = wrapper.framework; includeInIndex = 0; path = Pods_flixster_appTests.framework; sourceTree = BUILT_PRODUCTS_DIR; };
		81CA14478C75FE71FD07DDFE /* Pods_flixster_app_flixster_appUITests.framework */ = {isa = PBXFileReference; explicitFileType = wrapper.framework; includeInIndex = 0; path = Pods_flixster_app_flixster_appUITests.framework; sourceTree = BUILT_PRODUCTS_DIR; };
		9215C892AF211A6B7ACDC060 /* Pods-flixster-appTests.debug.xcconfig */ = {isa = PBXFileReference; includeInIndex = 1; lastKnownFileType = text.xcconfig; name = "Pods-flixster-appTests.debug.xcconfig"; path = "Target Support Files/Pods-flixster-appTests/Pods-flixster-appTests.debug.xcconfig"; sourceTree = "<group>"; };
		ABB53CF648FC9F9CB9509D1B /* Pods-flixster-app.debug.xcconfig */ = {isa = PBXFileReference; includeInIndex = 1; lastKnownFileType = text.xcconfig; name = "Pods-flixster-app.debug.xcconfig"; path = "Target Support Files/Pods-flixster-app/Pods-flixster-app.debug.xcconfig"; sourceTree = "<group>"; };
		C23F982A25439CA400969E37 /* MovieCell.swift */ = {isa = PBXFileReference; lastKnownFileType = sourcecode.swift; path = MovieCell.swift; sourceTree = "<group>"; };
		C258EA552541C3C90093C998 /* flixster-app.app */ = {isa = PBXFileReference; explicitFileType = wrapper.application; includeInIndex = 0; path = "flixster-app.app"; sourceTree = BUILT_PRODUCTS_DIR; };
		C258EA582541C3C90093C998 /* AppDelegate.swift */ = {isa = PBXFileReference; lastKnownFileType = sourcecode.swift; path = AppDelegate.swift; sourceTree = "<group>"; };
		C258EA5A2541C3C90093C998 /* SceneDelegate.swift */ = {isa = PBXFileReference; lastKnownFileType = sourcecode.swift; path = SceneDelegate.swift; sourceTree = "<group>"; };
		C258EA5C2541C3C90093C998 /* ViewController.swift */ = {isa = PBXFileReference; lastKnownFileType = sourcecode.swift; path = ViewController.swift; sourceTree = "<group>"; };
		C258EA5F2541C3C90093C998 /* Base */ = {isa = PBXFileReference; lastKnownFileType = file.storyboard; name = Base; path = Base.lproj/Main.storyboard; sourceTree = "<group>"; };
		C258EA612541C3CC0093C998 /* Assets.xcassets */ = {isa = PBXFileReference; lastKnownFileType = folder.assetcatalog; path = Assets.xcassets; sourceTree = "<group>"; };
		C258EA642541C3CC0093C998 /* Base */ = {isa = PBXFileReference; lastKnownFileType = file.storyboard; name = Base; path = Base.lproj/LaunchScreen.storyboard; sourceTree = "<group>"; };
		C258EA662541C3CC0093C998 /* Info.plist */ = {isa = PBXFileReference; lastKnownFileType = text.plist.xml; path = Info.plist; sourceTree = "<group>"; };
		C258EA6B2541C3CC0093C998 /* flixster-appTests.xctest */ = {isa = PBXFileReference; explicitFileType = wrapper.cfbundle; includeInIndex = 0; path = "flixster-appTests.xctest"; sourceTree = BUILT_PRODUCTS_DIR; };
		C258EA6F2541C3CC0093C998 /* flixster_appTests.swift */ = {isa = PBXFileReference; lastKnownFileType = sourcecode.swift; path = flixster_appTests.swift; sourceTree = "<group>"; };
		C258EA712541C3CC0093C998 /* Info.plist */ = {isa = PBXFileReference; lastKnownFileType = text.plist.xml; path = Info.plist; sourceTree = "<group>"; };
		C258EA762541C3CC0093C998 /* flixster-appUITests.xctest */ = {isa = PBXFileReference; explicitFileType = wrapper.cfbundle; includeInIndex = 0; path = "flixster-appUITests.xctest"; sourceTree = BUILT_PRODUCTS_DIR; };
		C258EA7A2541C3CC0093C998 /* flixster_appUITests.swift */ = {isa = PBXFileReference; lastKnownFileType = sourcecode.swift; path = flixster_appUITests.swift; sourceTree = "<group>"; };
		C258EA7C2541C3CC0093C998 /* Info.plist */ = {isa = PBXFileReference; lastKnownFileType = text.plist.xml; path = Info.plist; sourceTree = "<group>"; };
		C26CCE7C254CDD160007A76F /* MovieDetailsViewController.swift */ = {isa = PBXFileReference; lastKnownFileType = sourcecode.swift; path = MovieDetailsViewController.swift; sourceTree = "<group>"; };
		C26CCE81254CFA400007A76F /* MovieGridViewController.swift */ = {isa = PBXFileReference; lastKnownFileType = sourcecode.swift; path = MovieGridViewController.swift; sourceTree = "<group>"; };
		C26CCE86254CFE8F0007A76F /* MovieCollectionViewCell.swift */ = {isa = PBXFileReference; lastKnownFileType = sourcecode.swift; path = MovieCollectionViewCell.swift; sourceTree = "<group>"; };
		F9FBFECCEBC16C5E6230DD99 /* Pods-flixster-app-flixster-appUITests.debug.xcconfig */ = {isa = PBXFileReference; includeInIndex = 1; lastKnownFileType = text.xcconfig; name = "Pods-flixster-app-flixster-appUITests.debug.xcconfig"; path = "Target Support Files/Pods-flixster-app-flixster-appUITests/Pods-flixster-app-flixster-appUITests.debug.xcconfig"; sourceTree = "<group>"; };
/* End PBXFileReference section */

/* Begin PBXFrameworksBuildPhase section */
		C258EA522541C3C90093C998 /* Frameworks */ = {
			isa = PBXFrameworksBuildPhase;
			buildActionMask = 2147483647;
			files = (
				40B563200D434677CCD2E1CF /* Pods_flixster_app.framework in Frameworks */,
			);
			runOnlyForDeploymentPostprocessing = 0;
		};
		C258EA682541C3CC0093C998 /* Frameworks */ = {
			isa = PBXFrameworksBuildPhase;
			buildActionMask = 2147483647;
			files = (
				849B27D967DDCEA77B3B50AB /* Pods_flixster_appTests.framework in Frameworks */,
			);
			runOnlyForDeploymentPostprocessing = 0;
		};
		C258EA732541C3CC0093C998 /* Frameworks */ = {
			isa = PBXFrameworksBuildPhase;
			buildActionMask = 2147483647;
			files = (
				B891DCBCC279F1CCB841EAE5 /* Pods_flixster_app_flixster_appUITests.framework in Frameworks */,
			);
			runOnlyForDeploymentPostprocessing = 0;
		};
/* End PBXFrameworksBuildPhase section */

/* Begin PBXGroup section */
		01D65F3F0CE912DE7E10C368 /* Pods */ = {
			isa = PBXGroup;
			children = (
				ABB53CF648FC9F9CB9509D1B /* Pods-flixster-app.debug.xcconfig */,
				20107793DA3A73D71E2415A8 /* Pods-flixster-app.release.xcconfig */,
				F9FBFECCEBC16C5E6230DD99 /* Pods-flixster-app-flixster-appUITests.debug.xcconfig */,
				52E32DAC255AF2B24232500B /* Pods-flixster-app-flixster-appUITests.release.xcconfig */,
				9215C892AF211A6B7ACDC060 /* Pods-flixster-appTests.debug.xcconfig */,
				14919348E3CD1C112D99C1A2 /* Pods-flixster-appTests.release.xcconfig */,
			);
			path = Pods;
			sourceTree = "<group>";
		};
		28ADA15B8C0E1638EEB3F992 /* Frameworks */ = {
			isa = PBXGroup;
			children = (
				29AD82CD177720A5871B8217 /* Pods_flixster_app.framework */,
				81CA14478C75FE71FD07DDFE /* Pods_flixster_app_flixster_appUITests.framework */,
				7D1FEAC36E09DA2127F7AC00 /* Pods_flixster_appTests.framework */,
			);
			name = Frameworks;
			sourceTree = "<group>";
		};
		C258EA4C2541C3C90093C998 = {
			isa = PBXGroup;
			children = (
				C258EA572541C3C90093C998 /* flixster-app */,
				C258EA6E2541C3CC0093C998 /* flixster-appTests */,
				C258EA792541C3CC0093C998 /* flixster-appUITests */,
				C258EA562541C3C90093C998 /* Products */,
				01D65F3F0CE912DE7E10C368 /* Pods */,
				28ADA15B8C0E1638EEB3F992 /* Frameworks */,
			);
			sourceTree = "<group>";
		};
		C258EA562541C3C90093C998 /* Products */ = {
			isa = PBXGroup;
			children = (
				C258EA552541C3C90093C998 /* flixster-app.app */,
				C258EA6B2541C3CC0093C998 /* flixster-appTests.xctest */,
				C258EA762541C3CC0093C998 /* flixster-appUITests.xctest */,
			);
			name = Products;
			sourceTree = "<group>";
		};
		C258EA572541C3C90093C998 /* flixster-app */ = {
			isa = PBXGroup;
			children = (
				C258EA582541C3C90093C998 /* AppDelegate.swift */,
				C258EA5A2541C3C90093C998 /* SceneDelegate.swift */,
				C258EA5C2541C3C90093C998 /* ViewController.swift */,
				C258EA5E2541C3C90093C998 /* Main.storyboard */,
				C26CCE86254CFE8F0007A76F /* MovieCollectionViewCell.swift */,
				C26CCE81254CFA400007A76F /* MovieGridViewController.swift */,
				C26CCE7C254CDD160007A76F /* MovieDetailsViewController.swift */,
				C258EA612541C3CC0093C998 /* Assets.xcassets */,
				C258EA632541C3CC0093C998 /* LaunchScreen.storyboard */,
				C258EA662541C3CC0093C998 /* Info.plist */,
				C23F982A25439CA400969E37 /* MovieCell.swift */,
			);
			path = "flixster-app";
			sourceTree = "<group>";
		};
		C258EA6E2541C3CC0093C998 /* flixster-appTests */ = {
			isa = PBXGroup;
			children = (
				C258EA6F2541C3CC0093C998 /* flixster_appTests.swift */,
				C258EA712541C3CC0093C998 /* Info.plist */,
			);
			path = "flixster-appTests";
			sourceTree = "<group>";
		};
		C258EA792541C3CC0093C998 /* flixster-appUITests */ = {
			isa = PBXGroup;
			children = (
				C258EA7A2541C3CC0093C998 /* flixster_appUITests.swift */,
				C258EA7C2541C3CC0093C998 /* Info.plist */,
			);
			path = "flixster-appUITests";
			sourceTree = "<group>";
		};
/* End PBXGroup section */

/* Begin PBXNativeTarget section */
		C258EA542541C3C90093C998 /* flixster-app */ = {
			isa = PBXNativeTarget;
			buildConfigurationList = C258EA7F2541C3CC0093C998 /* Build configuration list for PBXNativeTarget "flixster-app" */;
			buildPhases = (
				C8F3FD1C8EFD898046B017AE /* [CP] Check Pods Manifest.lock */,
				C258EA512541C3C90093C998 /* Sources */,
				C258EA522541C3C90093C998 /* Frameworks */,
				C258EA532541C3C90093C998 /* Resources */,
				AB8C2740E21627A15F9DA25E /* [CP] Embed Pods Frameworks */,
			);
			buildRules = (
			);
			dependencies = (
			);
			name = "flixster-app";
			productName = "flixster-app";
			productReference = C258EA552541C3C90093C998 /* flixster-app.app */;
			productType = "com.apple.product-type.application";
		};
		C258EA6A2541C3CC0093C998 /* flixster-appTests */ = {
			isa = PBXNativeTarget;
			buildConfigurationList = C258EA822541C3CC0093C998 /* Build configuration list for PBXNativeTarget "flixster-appTests" */;
			buildPhases = (
				815FFC0AA22BC51A526904B1 /* [CP] Check Pods Manifest.lock */,
				C258EA672541C3CC0093C998 /* Sources */,
				C258EA682541C3CC0093C998 /* Frameworks */,
				C258EA692541C3CC0093C998 /* Resources */,
			);
			buildRules = (
			);
			dependencies = (
				C258EA6D2541C3CC0093C998 /* PBXTargetDependency */,
			);
			name = "flixster-appTests";
			productName = "flixster-appTests";
			productReference = C258EA6B2541C3CC0093C998 /* flixster-appTests.xctest */;
			productType = "com.apple.product-type.bundle.unit-test";
		};
		C258EA752541C3CC0093C998 /* flixster-appUITests */ = {
			isa = PBXNativeTarget;
			buildConfigurationList = C258EA852541C3CC0093C998 /* Build configuration list for PBXNativeTarget "flixster-appUITests" */;
			buildPhases = (
				7B276B09078CE13E137ABAE2 /* [CP] Check Pods Manifest.lock */,
				C258EA722541C3CC0093C998 /* Sources */,
				C258EA732541C3CC0093C998 /* Frameworks */,
				C258EA742541C3CC0093C998 /* Resources */,
				1DEA470F19DF2226373537D9 /* [CP] Embed Pods Frameworks */,
			);
			buildRules = (
			);
			dependencies = (
				C258EA782541C3CC0093C998 /* PBXTargetDependency */,
			);
			name = "flixster-appUITests";
			productName = "flixster-appUITests";
			productReference = C258EA762541C3CC0093C998 /* flixster-appUITests.xctest */;
			productType = "com.apple.product-type.bundle.ui-testing";
		};
/* End PBXNativeTarget section */

/* Begin PBXProject section */
		C258EA4D2541C3C90093C998 /* Project object */ = {
			isa = PBXProject;
			attributes = {
				LastSwiftUpdateCheck = 1210;
				LastUpgradeCheck = 1210;
				TargetAttributes = {
					C258EA542541C3C90093C998 = {
						CreatedOnToolsVersion = 12.1;
					};
					C258EA6A2541C3CC0093C998 = {
						CreatedOnToolsVersion = 12.1;
						TestTargetID = C258EA542541C3C90093C998;
					};
					C258EA752541C3CC0093C998 = {
						CreatedOnToolsVersion = 12.1;
						TestTargetID = C258EA542541C3C90093C998;
					};
				};
			};
			buildConfigurationList = C258EA502541C3C90093C998 /* Build configuration list for PBXProject "flixster-app" */;
			compatibilityVersion = "Xcode 9.3";
			developmentRegion = en;
			hasScannedForEncodings = 0;
			knownRegions = (
				en,
				Base,
			);
			mainGroup = C258EA4C2541C3C90093C998;
			productRefGroup = C258EA562541C3C90093C998 /* Products */;
			projectDirPath = "";
			projectRoot = "";
			targets = (
				C258EA542541C3C90093C998 /* flixster-app */,
				C258EA6A2541C3CC0093C998 /* flixster-appTests */,
				C258EA752541C3CC0093C998 /* flixster-appUITests */,
			);
		};
/* End PBXProject section */

/* Begin PBXResourcesBuildPhase section */
		C258EA532541C3C90093C998 /* Resources */ = {
			isa = PBXResourcesBuildPhase;
			buildActionMask = 2147483647;
			files = (
				C258EA652541C3CC0093C998 /* LaunchScreen.storyboard in Resources */,
				C258EA622541C3CC0093C998 /* Assets.xcassets in Resources */,
				C258EA602541C3C90093C998 /* Main.storyboard in Resources */,
			);
			runOnlyForDeploymentPostprocessing = 0;
		};
		C258EA692541C3CC0093C998 /* Resources */ = {
			isa = PBXResourcesBuildPhase;
			buildActionMask = 2147483647;
			files = (
			);
			runOnlyForDeploymentPostprocessing = 0;
		};
		C258EA742541C3CC0093C998 /* Resources */ = {
			isa = PBXResourcesBuildPhase;
			buildActionMask = 2147483647;
			files = (
			);
			runOnlyForDeploymentPostprocessing = 0;
		};
/* End PBXResourcesBuildPhase section */

/* Begin PBXShellScriptBuildPhase section */
		1DEA470F19DF2226373537D9 /* [CP] Embed Pods Frameworks */ = {
			isa = PBXShellScriptBuildPhase;
			buildActionMask = 2147483647;
			files = (
			);
			inputFileListPaths = (
				"${PODS_ROOT}/Target Support Files/Pods-flixster-app-flixster-appUITests/Pods-flixster-app-flixster-appUITests-frameworks-${CONFIGURATION}-input-files.xcfilelist",
			);
			name = "[CP] Embed Pods Frameworks";
			outputFileListPaths = (
				"${PODS_ROOT}/Target Support Files/Pods-flixster-app-flixster-appUITests/Pods-flixster-app-flixster-appUITests-frameworks-${CONFIGURATION}-output-files.xcfilelist",
			);
			runOnlyForDeploymentPostprocessing = 0;
			shellPath = /bin/sh;
			shellScript = "\"${PODS_ROOT}/Target Support Files/Pods-flixster-app-flixster-appUITests/Pods-flixster-app-flixster-appUITests-frameworks.sh\"\n";
			showEnvVarsInLog = 0;
		};
		7B276B09078CE13E137ABAE2 /* [CP] Check Pods Manifest.lock */ = {
			isa = PBXShellScriptBuildPhase;
			buildActionMask = 2147483647;
			files = (
			);
			inputFileListPaths = (
			);
			inputPaths = (
				"${PODS_PODFILE_DIR_PATH}/Podfile.lock",
				"${PODS_ROOT}/Manifest.lock",
			);
			name = "[CP] Check Pods Manifest.lock";
			outputFileListPaths = (
			);
			outputPaths = (
				"$(DERIVED_FILE_DIR)/Pods-flixster-app-flixster-appUITests-checkManifestLockResult.txt",
			);
			runOnlyForDeploymentPostprocessing = 0;
			shellPath = /bin/sh;
			shellScript = "diff \"${PODS_PODFILE_DIR_PATH}/Podfile.lock\" \"${PODS_ROOT}/Manifest.lock\" > /dev/null\nif [ $? != 0 ] ; then\n    # print error to STDERR\n    echo \"error: The sandbox is not in sync with the Podfile.lock. Run 'pod install' or update your CocoaPods installation.\" >&2\n    exit 1\nfi\n# This output is used by Xcode 'outputs' to avoid re-running this script phase.\necho \"SUCCESS\" > \"${SCRIPT_OUTPUT_FILE_0}\"\n";
			showEnvVarsInLog = 0;
		};
		815FFC0AA22BC51A526904B1 /* [CP] Check Pods Manifest.lock */ = {
			isa = PBXShellScriptBuildPhase;
			buildActionMask = 2147483647;
			files = (
			);
			inputFileListPaths = (
			);
			inputPaths = (
				"${PODS_PODFILE_DIR_PATH}/Podfile.lock",
				"${PODS_ROOT}/Manifest.lock",
			);
			name = "[CP] Check Pods Manifest.lock";
			outputFileListPaths = (
			);
			outputPaths = (
				"$(DERIVED_FILE_DIR)/Pods-flixster-appTests-checkManifestLockResult.txt",
			);
			runOnlyForDeploymentPostprocessing = 0;
			shellPath = /bin/sh;
			shellScript = "diff \"${PODS_PODFILE_DIR_PATH}/Podfile.lock\" \"${PODS_ROOT}/Manifest.lock\" > /dev/null\nif [ $? != 0 ] ; then\n    # print error to STDERR\n    echo \"error: The sandbox is not in sync with the Podfile.lock. Run 'pod install' or update your CocoaPods installation.\" >&2\n    exit 1\nfi\n# This output is used by Xcode 'outputs' to avoid re-running this script phase.\necho \"SUCCESS\" > \"${SCRIPT_OUTPUT_FILE_0}\"\n";
			showEnvVarsInLog = 0;
		};
		AB8C2740E21627A15F9DA25E /* [CP] Embed Pods Frameworks */ = {
			isa = PBXShellScriptBuildPhase;
			buildActionMask = 2147483647;
			files = (
			);
			inputFileListPaths = (
				"${PODS_ROOT}/Target Support Files/Pods-flixster-app/Pods-flixster-app-frameworks-${CONFIGURATION}-input-files.xcfilelist",
			);
			name = "[CP] Embed Pods Frameworks";
			outputFileListPaths = (
				"${PODS_ROOT}/Target Support Files/Pods-flixster-app/Pods-flixster-app-frameworks-${CONFIGURATION}-output-files.xcfilelist",
			);
			runOnlyForDeploymentPostprocessing = 0;
			shellPath = /bin/sh;
			shellScript = "\"${PODS_ROOT}/Target Support Files/Pods-flixster-app/Pods-flixster-app-frameworks.sh\"\n";
			showEnvVarsInLog = 0;
		};
		C8F3FD1C8EFD898046B017AE /* [CP] Check Pods Manifest.lock */ = {
			isa = PBXShellScriptBuildPhase;
			buildActionMask = 2147483647;
			files = (
			);
			inputFileListPaths = (
			);
			inputPaths = (
				"${PODS_PODFILE_DIR_PATH}/Podfile.lock",
				"${PODS_ROOT}/Manifest.lock",
			);
			name = "[CP] Check Pods Manifest.lock";
			outputFileListPaths = (
			);
			outputPaths = (
				"$(DERIVED_FILE_DIR)/Pods-flixster-app-checkManifestLockResult.txt",
			);
			runOnlyForDeploymentPostprocessing = 0;
			shellPath = /bin/sh;
			shellScript = "diff \"${PODS_PODFILE_DIR_PATH}/Podfile.lock\" \"${PODS_ROOT}/Manifest.lock\" > /dev/null\nif [ $? != 0 ] ; then\n    # print error to STDERR\n    echo \"error: The sandbox is not in sync with the Podfile.lock. Run 'pod install' or update your CocoaPods installation.\" >&2\n    exit 1\nfi\n# This output is used by Xcode 'outputs' to avoid re-running this script phase.\necho \"SUCCESS\" > \"${SCRIPT_OUTPUT_FILE_0}\"\n";
			showEnvVarsInLog = 0;
		};
/* End PBXShellScriptBuildPhase section */

/* Begin PBXSourcesBuildPhase section */
		C258EA512541C3C90093C998 /* Sources */ = {
			isa = PBXSourcesBuildPhase;
			buildActionMask = 2147483647;
			files = (
				C26CCE7D254CDD160007A76F /* MovieDetailsViewController.swift in Sources */,
				C258EA5D2541C3C90093C998 /* ViewController.swift in Sources */,
				C258EA592541C3C90093C998 /* AppDelegate.swift in Sources */,
				C23F982B25439CA400969E37 /* MovieCell.swift in Sources */,
				C26CCE87254CFE8F0007A76F /* MovieCollectionViewCell.swift in Sources */,
				C258EA5B2541C3C90093C998 /* SceneDelegate.swift in Sources */,
				C26CCE82254CFA400007A76F /* MovieGridViewController.swift in Sources */,
			);
			runOnlyForDeploymentPostprocessing = 0;
		};
		C258EA672541C3CC0093C998 /* Sources */ = {
			isa = PBXSourcesBuildPhase;
			buildActionMask = 2147483647;
			files = (
				C258EA702541C3CC0093C998 /* flixster_appTests.swift in Sources */,
			);
			runOnlyForDeploymentPostprocessing = 0;
		};
		C258EA722541C3CC0093C998 /* Sources */ = {
			isa = PBXSourcesBuildPhase;
			buildActionMask = 2147483647;
			files = (
				C258EA7B2541C3CC0093C998 /* flixster_appUITests.swift in Sources */,
			);
			runOnlyForDeploymentPostprocessing = 0;
		};
/* End PBXSourcesBuildPhase section */

/* Begin PBXTargetDependency section */
		C258EA6D2541C3CC0093C998 /* PBXTargetDependency */ = {
			isa = PBXTargetDependency;
			target = C258EA542541C3C90093C998 /* flixster-app */;
			targetProxy = C258EA6C2541C3CC0093C998 /* PBXContainerItemProxy */;
		};
		C258EA782541C3CC0093C998 /* PBXTargetDependency */ = {
			isa = PBXTargetDependency;
			target = C258EA542541C3C90093C998 /* flixster-app */;
			targetProxy = C258EA772541C3CC0093C998 /* PBXContainerItemProxy */;
		};
/* End PBXTargetDependency section */

/* Begin PBXVariantGroup section */
		C258EA5E2541C3C90093C998 /* Main.storyboard */ = {
			isa = PBXVariantGroup;
			children = (
				C258EA5F2541C3C90093C998 /* Base */,
			);
			name = Main.storyboard;
			sourceTree = "<group>";
		};
		C258EA632541C3CC0093C998 /* LaunchScreen.storyboard */ = {
			isa = PBXVariantGroup;
			children = (
				C258EA642541C3CC0093C998 /* Base */,
			);
			name = LaunchScreen.storyboard;
			sourceTree = "<group>";
		};
/* End PBXVariantGroup section */

/* Begin XCBuildConfiguration section */
		C258EA7D2541C3CC0093C998 /* Debug */ = {
			isa = XCBuildConfiguration;
			buildSettings = {
				ALWAYS_SEARCH_USER_PATHS = NO;
				CLANG_ANALYZER_NONNULL = YES;
				CLANG_ANALYZER_NUMBER_OBJECT_CONVERSION = YES_AGGRESSIVE;
				CLANG_CXX_LANGUAGE_STANDARD = "gnu++14";
				CLANG_CXX_LIBRARY = "libc++";
				CLANG_ENABLE_MODULES = YES;
				CLANG_ENABLE_OBJC_ARC = YES;
				CLANG_ENABLE_OBJC_WEAK = YES;
				CLANG_WARN_BLOCK_CAPTURE_AUTORELEASING = YES;
				CLANG_WARN_BOOL_CONVERSION = YES;
				CLANG_WARN_COMMA = YES;
				CLANG_WARN_CONSTANT_CONVERSION = YES;
				CLANG_WARN_DEPRECATED_OBJC_IMPLEMENTATIONS = YES;
				CLANG_WARN_DIRECT_OBJC_ISA_USAGE = YES_ERROR;
				CLANG_WARN_DOCUMENTATION_COMMENTS = YES;
				CLANG_WARN_EMPTY_BODY = YES;
				CLANG_WARN_ENUM_CONVERSION = YES;
				CLANG_WARN_INFINITE_RECURSION = YES;
				CLANG_WARN_INT_CONVERSION = YES;
				CLANG_WARN_NON_LITERAL_NULL_CONVERSION = YES;
				CLANG_WARN_OBJC_IMPLICIT_RETAIN_SELF = YES;
				CLANG_WARN_OBJC_LITERAL_CONVERSION = YES;
				CLANG_WARN_OBJC_ROOT_CLASS = YES_ERROR;
				CLANG_WARN_QUOTED_INCLUDE_IN_FRAMEWORK_HEADER = YES;
				CLANG_WARN_RANGE_LOOP_ANALYSIS = YES;
				CLANG_WARN_STRICT_PROTOTYPES = YES;
				CLANG_WARN_SUSPICIOUS_MOVE = YES;
				CLANG_WARN_UNGUARDED_AVAILABILITY = YES_AGGRESSIVE;
				CLANG_WARN_UNREACHABLE_CODE = YES;
				CLANG_WARN__DUPLICATE_METHOD_MATCH = YES;
				COPY_PHASE_STRIP = NO;
				DEBUG_INFORMATION_FORMAT = dwarf;
				ENABLE_STRICT_OBJC_MSGSEND = YES;
				ENABLE_TESTABILITY = YES;
				GCC_C_LANGUAGE_STANDARD = gnu11;
				GCC_DYNAMIC_NO_PIC = NO;
				GCC_NO_COMMON_BLOCKS = YES;
				GCC_OPTIMIZATION_LEVEL = 0;
				GCC_PREPROCESSOR_DEFINITIONS = (
					"DEBUG=1",
					"$(inherited)",
				);
				GCC_WARN_64_TO_32_BIT_CONVERSION = YES;
				GCC_WARN_ABOUT_RETURN_TYPE = YES_ERROR;
				GCC_WARN_UNDECLARED_SELECTOR = YES;
				GCC_WARN_UNINITIALIZED_AUTOS = YES_AGGRESSIVE;
				GCC_WARN_UNUSED_FUNCTION = YES;
				GCC_WARN_UNUSED_VARIABLE = YES;
				IPHONEOS_DEPLOYMENT_TARGET = 14.1;
				MTL_ENABLE_DEBUG_INFO = INCLUDE_SOURCE;
				MTL_FAST_MATH = YES;
				ONLY_ACTIVE_ARCH = YES;
				SDKROOT = iphoneos;
				SWIFT_ACTIVE_COMPILATION_CONDITIONS = DEBUG;
				SWIFT_OPTIMIZATION_LEVEL = "-Onone";
			};
			name = Debug;
		};
		C258EA7E2541C3CC0093C998 /* Release */ = {
			isa = XCBuildConfiguration;
			buildSettings = {
				ALWAYS_SEARCH_USER_PATHS = NO;
				CLANG_ANALYZER_NONNULL = YES;
				CLANG_ANALYZER_NUMBER_OBJECT_CONVERSION = YES_AGGRESSIVE;
				CLANG_CXX_LANGUAGE_STANDARD = "gnu++14";
				CLANG_CXX_LIBRARY = "libc++";
				CLANG_ENABLE_MODULES = YES;
				CLANG_ENABLE_OBJC_ARC = YES;
				CLANG_ENABLE_OBJC_WEAK = YES;
				CLANG_WARN_BLOCK_CAPTURE_AUTORELEASING = YES;
				CLANG_WARN_BOOL_CONVERSION = YES;
				CLANG_WARN_COMMA = YES;
				CLANG_WARN_CONSTANT_CONVERSION = YES;
				CLANG_WARN_DEPRECATED_OBJC_IMPLEMENTATIONS = YES;
				CLANG_WARN_DIRECT_OBJC_ISA_USAGE = YES_ERROR;
				CLANG_WARN_DOCUMENTATION_COMMENTS = YES;
				CLANG_WARN_EMPTY_BODY = YES;
				CLANG_WARN_ENUM_CONVERSION = YES;
				CLANG_WARN_INFINITE_RECURSION = YES;
				CLANG_WARN_INT_CONVERSION = YES;
				CLANG_WARN_NON_LITERAL_NULL_CONVERSION = YES;
				CLANG_WARN_OBJC_IMPLICIT_RETAIN_SELF = YES;
				CLANG_WARN_OBJC_LITERAL_CONVERSION = YES;
				CLANG_WARN_OBJC_ROOT_CLASS = YES_ERROR;
				CLANG_WARN_QUOTED_INCLUDE_IN_FRAMEWORK_HEADER = YES;
				CLANG_WARN_RANGE_LOOP_ANALYSIS = YES;
				CLANG_WARN_STRICT_PROTOTYPES = YES;
				CLANG_WARN_SUSPICIOUS_MOVE = YES;
				CLANG_WARN_UNGUARDED_AVAILABILITY = YES_AGGRESSIVE;
				CLANG_WARN_UNREACHABLE_CODE = YES;
				CLANG_WARN__DUPLICATE_METHOD_MATCH = YES;
				COPY_PHASE_STRIP = NO;
				DEBUG_INFORMATION_FORMAT = "dwarf-with-dsym";
				ENABLE_NS_ASSERTIONS = NO;
				ENABLE_STRICT_OBJC_MSGSEND = YES;
				GCC_C_LANGUAGE_STANDARD = gnu11;
				GCC_NO_COMMON_BLOCKS = YES;
				GCC_WARN_64_TO_32_BIT_CONVERSION = YES;
				GCC_WARN_ABOUT_RETURN_TYPE = YES_ERROR;
				GCC_WARN_UNDECLARED_SELECTOR = YES;
				GCC_WARN_UNINITIALIZED_AUTOS = YES_AGGRESSIVE;
				GCC_WARN_UNUSED_FUNCTION = YES;
				GCC_WARN_UNUSED_VARIABLE = YES;
				IPHONEOS_DEPLOYMENT_TARGET = 14.1;
				MTL_ENABLE_DEBUG_INFO = NO;
				MTL_FAST_MATH = YES;
				SDKROOT = iphoneos;
				SWIFT_COMPILATION_MODE = wholemodule;
				SWIFT_OPTIMIZATION_LEVEL = "-O";
				VALIDATE_PRODUCT = YES;
			};
			name = Release;
		};
		C258EA802541C3CC0093C998 /* Debug */ = {
			isa = XCBuildConfiguration;
			baseConfigurationReference = ABB53CF648FC9F9CB9509D1B /* Pods-flixster-app.debug.xcconfig */;
			buildSettings = {
				ASSETCATALOG_COMPILER_APPICON_NAME = AppIcon;
				ASSETCATALOG_COMPILER_GLOBAL_ACCENT_COLOR_NAME = AccentColor;
				CODE_SIGN_STYLE = Automatic;
				INFOPLIST_FILE = "flixster-app/Info.plist";
				LD_RUNPATH_SEARCH_PATHS = (
					"$(inherited)",
					"@executable_path/Frameworks",
				);
				PRODUCT_BUNDLE_IDENTIFIER = "Codepath.flixster-app";
				PRODUCT_NAME = "$(TARGET_NAME)";
				SWIFT_VERSION = 5.0;
				TARGETED_DEVICE_FAMILY = "1,2";
			};
			name = Debug;
		};
		C258EA812541C3CC0093C998 /* Release */ = {
			isa = XCBuildConfiguration;
			baseConfigurationReference = 20107793DA3A73D71E2415A8 /* Pods-flixster-app.release.xcconfig */;
			buildSettings = {
				ASSETCATALOG_COMPILER_APPICON_NAME = AppIcon;
				ASSETCATALOG_COMPILER_GLOBAL_ACCENT_COLOR_NAME = AccentColor;
				CODE_SIGN_STYLE = Automatic;
				INFOPLIST_FILE = "flixster-app/Info.plist";
				LD_RUNPATH_SEARCH_PATHS = (
					"$(inherited)",
					"@executable_path/Frameworks",
				);
				PRODUCT_BUNDLE_IDENTIFIER = "Codepath.flixster-app";
				PRODUCT_NAME = "$(TARGET_NAME)";
				SWIFT_VERSION = 5.0;
				TARGETED_DEVICE_FAMILY = "1,2";
			};
			name = Release;
		};
		C258EA832541C3CC0093C998 /* Debug */ = {
			isa = XCBuildConfiguration;
			baseConfigurationReference = 9215C892AF211A6B7ACDC060 /* Pods-flixster-appTests.debug.xcconfig */;
			buildSettings = {
				ALWAYS_EMBED_SWIFT_STANDARD_LIBRARIES = YES;
				BUNDLE_LOADER = "$(TEST_HOST)";
				CODE_SIGN_STYLE = Automatic;
				INFOPLIST_FILE = "flixster-appTests/Info.plist";
				IPHONEOS_DEPLOYMENT_TARGET = 14.1;
				LD_RUNPATH_SEARCH_PATHS = (
					"$(inherited)",
					"@executable_path/Frameworks",
					"@loader_path/Frameworks",
				);
				PRODUCT_BUNDLE_IDENTIFIER = "Codepath.flixster-appTests";
				PRODUCT_NAME = "$(TARGET_NAME)";
				SWIFT_VERSION = 5.0;
				TARGETED_DEVICE_FAMILY = "1,2";
				TEST_HOST = "$(BUILT_PRODUCTS_DIR)/flixster-app.app/flixster-app";
			};
			name = Debug;
		};
		C258EA842541C3CC0093C998 /* Release */ = {
			isa = XCBuildConfiguration;
			baseConfigurationReference = 14919348E3CD1C112D99C1A2 /* Pods-flixster-appTests.release.xcconfig */;
			buildSettings = {
				ALWAYS_EMBED_SWIFT_STANDARD_LIBRARIES = YES;
				BUNDLE_LOADER = "$(TEST_HOST)";
				CODE_SIGN_STYLE = Automatic;
				INFOPLIST_FILE = "flixster-appTests/Info.plist";
				IPHONEOS_DEPLOYMENT_TARGET = 14.1;
				LD_RUNPATH_SEARCH_PATHS = (
					"$(inherited)",
					"@executable_path/Frameworks",
					"@loader_path/Frameworks",
				);
				PRODUCT_BUNDLE_IDENTIFIER = "Codepath.flixster-appTests";
				PRODUCT_NAME = "$(TARGET_NAME)";
				SWIFT_VERSION = 5.0;
				TARGETED_DEVICE_FAMILY = "1,2";
				TEST_HOST = "$(BUILT_PRODUCTS_DIR)/flixster-app.app/flixster-app";
			};
			name = Release;
		};
		C258EA862541C3CC0093C998 /* Debug */ = {
			isa = XCBuildConfiguration;
			baseConfigurationReference = F9FBFECCEBC16C5E6230DD99 /* Pods-flixster-app-flixster-appUITests.debug.xcconfig */;
			buildSettings = {
				ALWAYS_EMBED_SWIFT_STANDARD_LIBRARIES = YES;
				CODE_SIGN_STYLE = Automatic;
				INFOPLIST_FILE = "flixster-appUITests/Info.plist";
				LD_RUNPATH_SEARCH_PATHS = (
					"$(inherited)",
					"@executable_path/Frameworks",
					"@loader_path/Frameworks",
				);
				PRODUCT_BUNDLE_IDENTIFIER = "Codepath.flixster-appUITests";
				PRODUCT_NAME = "$(TARGET_NAME)";
				SWIFT_VERSION = 5.0;
				TARGETED_DEVICE_FAMILY = "1,2";
				TEST_TARGET_NAME = "flixster-app";
			};
			name = Debug;
		};
		C258EA872541C3CC0093C998 /* Release */ = {
			isa = XCBuildConfiguration;
			baseConfigurationReference = 52E32DAC255AF2B24232500B /* Pods-flixster-app-flixster-appUITests.release.xcconfig */;
			buildSettings = {
				ALWAYS_EMBED_SWIFT_STANDARD_LIBRARIES = YES;
				CODE_SIGN_STYLE = Automatic;
				INFOPLIST_FILE = "flixster-appUITests/Info.plist";
				LD_RUNPATH_SEARCH_PATHS = (
					"$(inherited)",
					"@executable_path/Frameworks",
					"@loader_path/Frameworks",
				);
				PRODUCT_BUNDLE_IDENTIFIER = "Codepath.flixster-appUITests";
				PRODUCT_NAME = "$(TARGET_NAME)";
				SWIFT_VERSION = 5.0;
				TARGETED_DEVICE_FAMILY = "1,2";
				TEST_TARGET_NAME = "flixster-app";
			};
			name = Release;
		};
/* End XCBuildConfiguration section */

/* Begin XCConfigurationList section */
		C258EA502541C3C90093C998 /* Build configuration list for PBXProject "flixster-app" */ = {
			isa = XCConfigurationList;
			buildConfigurations = (
				C258EA7D2541C3CC0093C998 /* Debug */,
				C258EA7E2541C3CC0093C998 /* Release */,
			);
			defaultConfigurationIsVisible = 0;
			defaultConfigurationName = Release;
		};
		C258EA7F2541C3CC0093C998 /* Build configuration list for PBXNativeTarget "flixster-app" */ = {
			isa = XCConfigurationList;
			buildConfigurations = (
				C258EA802541C3CC0093C998 /* Debug */,
				C258EA812541C3CC0093C998 /* Release */,
			);
			defaultConfigurationIsVisible = 0;
			defaultConfigurationName = Release;
		};
		C258EA822541C3CC0093C998 /* Build configuration list for PBXNativeTarget "flixster-appTests" */ = {
			isa = XCConfigurationList;
			buildConfigurations = (
				C258EA832541C3CC0093C998 /* Debug */,
				C258EA842541C3CC0093C998 /* Release */,
			);
			defaultConfigurationIsVisible = 0;
			defaultConfigurationName = Release;
		};
		C258EA852541C3CC0093C998 /* Build configuration list for PBXNativeTarget "flixster-appUITests" */ = {
			isa = XCConfigurationList;
			buildConfigurations = (
				C258EA862541C3CC0093C998 /* Debug */,
				C258EA872541C3CC0093C998 /* Release */,
			);
			defaultConfigurationIsVisible = 0;
			defaultConfigurationName = Release;
		};
/* End XCConfigurationList section */
	};
	rootObject = C258EA4D2541C3C90093C998 /* Project object */;
}
